{
  "name": "wonky-kernel",
  "version": "0.1.0",
  "lockfileVersion": 3,
  "requires": true,
  "packages": {
    "": {
      "name": "wonky-kernel",
      "version": "0.1.0",
      "dependencies": {
        "earcut": "3.0.2"
      },
      "bin": {
        "wonky": "bin/wonky.mjs",
        "wonky-compare": "bin/wonky-compare.mjs",
        "wonky-inspect": "bin/wonky-inspect.mjs",
        "wonky-motion": "bin/wonky-motion.mjs",
        "wonky-python": "bin/wonky-python.mjs",
        "wonky-view": "bin/wonky-view.mjs"
      },
      "devDependencies": {
        "playwright-core": "1.58.2"
      },
      "engines": {
        "node": ">=22.18.0"
      }
    },
    "node_modules/earcut": {
      "version": "3.0.2",
      "resolved": "https://registry.npmjs.org/earcut/-/earcut-3.0.2.tgz",
      "integrity": "sha512-X7hshQbLyMJ/3RPhyObLARM2sNxxmRALLKx1+NVFFnQ9gKzmCrxm9+uLIAdBcvc8FNLpctqlQ2V6AE92Ol9UDQ==",
      "license": "ISC"
    },
    "node_modules/playwright-core": {
      "version": "1.58.2",
      "resolved": "https://registry.npmjs.org/playwright-core/-/playwright-core-1.58.2.tgz",
      "integrity": "sha512-yZkEtftgwS8CsfYo7nm0KE8jsvm6i/PTgVtB8DL726wNf6H2IMsDuxCpJj59KDaxCtSnrWan2AeDqM7JBaultg==",
      "dev": true,
      "license": "Apache-2.0",
      "bin": {
        "playwright-core": "cli.js"
      },
      "engines": {
        "node": ">=18"
      }
    }
  }
}
